
Microsoft Visual Studio Solution File, Format Version 12.00
# Visual Studio 15
VisualStudioVersion = 15.0.28307.136
MinimumVisualStudioVersion = 10.0.40219.1
Project("{FAE04EC0-301F-11D3-BF4B-00C04F79EFBC}") = "sql constructor", "sql constructor.csproj", "{8BCF3D38-A02B-47D4-9EBF-B4A4846B7EE4}"
EndProject
Global
	GlobalSection(SolutionConfigurationPlatforms) = preSolution
		Debug|Any CPU = Debug|Any CPU
		Release|Any CPU = Release|Any CPU
	EndGlobalSection
	GlobalSection(ProjectConfigurationPlatforms) = postSolution
		{8BCF3D38-A02B-47D4-9EBF-B4A4846B7EE4}.Debug|Any CPU.ActiveCfg = Debug|Any CPU
		{8BCF3D38-A02B-47D4-9EBF-B4A4846B7EE4}.Debug|Any CPU.Build.0 = Debug|Any CPU
		{8BCF3D38-A02B-47D4-9EBF-B4A4846B7EE4}.Release|Any CPU.ActiveCfg = Release|Any CPU
		{8BCF3D38-A02B-47D4-9EBF-B4A4846B7EE4}.Release|Any CPU.Build.0 = Release|Any CPU
	EndGlobalSection
	GlobalSection(SolutionProperties) = preSolution
		HideSolutionNode = FALSE
	EndGlobalSection
	GlobalSection(ExtensibilityGlobals) = postSolution
		SolutionGuid = {72E6F375-69A5-4B6D-9759-D77BF1F7CC72}
	EndGlobalSection
EndGlobal
